
Microsoft Visual Studio Solution File, Format Version 12.00
# Visual Studio Version 16
VisualStudioVersion = 16.0.31129.286
MinimumVisualStudioVersion = 10.0.40219.1
Project("{FAE04EC0-301F-11D3-BF4B-00C04F79EFBC}") = "KtitsInfo", "KtitsInfo\KtitsInfo.csproj", "{79162BB7-2CB3-4188-B22F-844CA57F1FB2}"
EndProject
Global
	GlobalSection(SolutionConfigurationPlatforms) = preSolution
		Debug|Any CPU = Debug|Any CPU
		Release|Any CPU = Release|Any CPU
	EndGlobalSection
	GlobalSection(ProjectConfigurationPlatforms) = postSolution
		{79162BB7-2CB3-4188-B22F-844CA57F1FB2}.Debug|Any CPU.ActiveCfg = Debug|Any CPU
		{79162BB7-2CB3-4188-B22F-844CA57F1FB2}.Debug|Any CPU.Build.0 = Debug|Any CPU
		{79162BB7-2CB3-4188-B22F-844CA57F1FB2}.Release|Any CPU.ActiveCfg = Release|Any CPU
		{79162BB7-2CB3-4188-B22F-844CA57F1FB2}.Release|Any CPU.Build.0 = Release|Any CPU
	EndGlobalSection
	GlobalSection(SolutionProperties) = preSolution
		HideSolutionNode = FALSE
	EndGlobalSection
	GlobalSection(ExtensibilityGlobals) = postSolution
		SolutionGuid = {B787343F-616B-4FDA-B5CC-FA9DF509733C}
	EndGlobalSection
EndGlobal
